
Microsoft Visual Studio Solution File, Format Version 12.00
# Visual Studio Version 16
VisualStudioVersion = 16.0.29519.87
MinimumVisualStudioVersion = 10.0.40219.1
Project("{FAE04EC0-301F-11D3-BF4B-00C04F79EFBC}") = "WebResourcePlugin", "WebResourcePlugin.csproj", "{67E98396-D371-4162-8F0E-4E8B94B1B3E4}"
EndProject
Global
	GlobalSection(SolutionConfigurationPlatforms) = preSolution
		Debug|Any CPU = Debug|Any CPU
		Release|Any CPU = Release|Any CPU
	EndGlobalSection
	GlobalSection(ProjectConfigurationPlatforms) = postSolution
		{67E98396-D371-4162-8F0E-4E8B94B1B3E4}.Debug|Any CPU.ActiveCfg = Debug|Any CPU
		{67E98396-D371-4162-8F0E-4E8B94B1B3E4}.Debug|Any CPU.Build.0 = Debug|Any CPU
		{67E98396-D371-4162-8F0E-4E8B94B1B3E4}.Release|Any CPU.ActiveCfg = Release|Any CPU
		{67E98396-D371-4162-8F0E-4E8B94B1B3E4}.Release|Any CPU.Build.0 = Release|Any CPU
	EndGlobalSection
	GlobalSection(SolutionProperties) = preSolution
		HideSolutionNode = FALSE
	EndGlobalSection
	GlobalSection(ExtensibilityGlobals) = postSolution
		SolutionGuid = {0AADF6D2-7823-41AE-8DAC-E4F56EC4FE24}
	EndGlobalSection
EndGlobal
